
Microsoft Visual Studio Solution File, Format Version 12.00
# Visual Studio 14
VisualStudioVersion = 14.0.25420.1
MinimumVisualStudioVersion = 10.0.40219.1
Project("{FAE04EC0-301F-11D3-BF4B-00C04F79EFBC}") = "SiteT1", "SiteT1\SiteT1.csproj", "{7AB1D361-C395-4A5F-8CE8-0C74443500C2}"
EndProject
Project("{2150E333-8FDC-42A3-9474-1A3956D46DE8}") = "Solution Items", "Solution Items", "{1304C8E6-FFF1-4BD9-B4FC-B700EBF6834B}"
EndProject
Global
	GlobalSection(SolutionConfigurationPlatforms) = preSolution
		Debug|Any CPU = Debug|Any CPU
		Release|Any CPU = Release|Any CPU
	EndGlobalSection
	GlobalSection(ProjectConfigurationPlatforms) = postSolution
		{7AB1D361-C395-4A5F-8CE8-0C74443500C2}.Debug|Any CPU.ActiveCfg = Debug|Any CPU
		{7AB1D361-C395-4A5F-8CE8-0C74443500C2}.Debug|Any CPU.Build.0 = Debug|Any CPU
		{7AB1D361-C395-4A5F-8CE8-0C74443500C2}.Release|Any CPU.ActiveCfg = Release|Any CPU
		{7AB1D361-C395-4A5F-8CE8-0C74443500C2}.Release|Any CPU.Build.0 = Release|Any CPU
	EndGlobalSection
	GlobalSection(SolutionProperties) = preSolution
		HideSolutionNode = FALSE
	EndGlobalSection
EndGlobal
